{
  "lockfileVersion": 1,
  "workspaces": {
    "": {
      "name": "distill-workspace",
    },
    "packages/cli": {
      "name": "@sampurnamo/distill",
      "version": "0.1.31",
      "bin": {
        "distill": "bin/distill.js",
      },
      "optionalDependencies": {
        "@sampurnamo/distill-darwin-arm64": "0.1.1",
        "@sampurnamo/distill-darwin-x64": "0.1.1",
        "@sampurnamo/distill-linux-arm64": "0.1.1",
        "@sampurnamo/distill-linux-x64": "0.1.1",
        "@sampurnamo/distill-win32-x64": "0.1.1",
      },
    },
    "packages/distill-darwin-arm64": {
      "name": "@sampurnamo/distill-darwin-arm64",
      "version": "0.1.31",
    },
    "packages/distill-darwin-x64": {
      "name": "@sampurnamo/distill-darwin-x64",
      "version": "0.1.31",
    },
    "packages/distill-linux-arm64": {
      "name": "@sampurnamo/distill-linux-arm64",
      "version": "0.1.31",
    },
    "packages/distill-linux-x64": {
      "name": "@sampurnamo/distill-linux-x64",
      "version": "0.1.31",
    },
    "packages/distill-win32-x64": {
      "name": "@sampurnamo/distill-win32-x64",
      "version": "0.1.31",
    },
  },
  "packages": {
    "@sampurnamo/distill": ["@sampurnamo/distill@workspace:packages/cli"],

    "@sampurnamo/distill-darwin-arm64": ["@sampurnamo/distill-darwin-arm64@workspace:packages/distill-darwin-arm64"],

    "@sampurnamo/distill-darwin-x64": ["@sampurnamo/distill-darwin-x64@workspace:packages/distill-darwin-x64"],

    "@sampurnamo/distill-linux-arm64": ["@sampurnamo/distill-linux-arm64@workspace:packages/distill-linux-arm64"],

    "@sampurnamo/distill-linux-x64": ["@sampurnamo/distill-linux-x64@workspace:packages/distill-linux-x64"],

    "@sampurnamo/distill-win32-x64": ["@sampurnamo/distill-win32-x64@workspace:packages/distill-win32-x64"],
  }
}
