{
  "lockfileVersion": 1,
  "workspaces": {
    "": {
      "name": "distill-workspace",
    },
    "packages/cli": {
      "name": "@zeldocarina/distill",
      "version": "0.1.31",
      "bin": {
        "distill": "bin/distill.js",
      },
      "optionalDependencies": {
        "@zeldocarina/distill-darwin-arm64": "0.1.31",
        "@zeldocarina/distill-darwin-x64": "0.1.31",
        "@zeldocarina/distill-linux-arm64": "0.1.31",
        "@zeldocarina/distill-linux-x64": "0.1.31",
      },
    },
    "packages/distill-darwin-arm64": {
      "name": "@zeldocarina/distill-darwin-arm64",
      "version": "0.1.31",
    },
    "packages/distill-darwin-x64": {
      "name": "@zeldocarina/distill-darwin-x64",
      "version": "0.1.31",
    },
    "packages/distill-linux-arm64": {
      "name": "@zeldocarina/distill-linux-arm64",
      "version": "0.1.31",
    },
    "packages/distill-linux-x64": {
      "name": "@zeldocarina/distill-linux-x64",
      "version": "0.1.31",
    },
  },
  "packages": {
    "@zeldocarina/distill": ["@zeldocarina/distill@workspace:packages/cli"],

    "@zeldocarina/distill-darwin-arm64": ["@zeldocarina/distill-darwin-arm64@workspace:packages/distill-darwin-arm64"],

    "@zeldocarina/distill-darwin-x64": ["@zeldocarina/distill-darwin-x64@workspace:packages/distill-darwin-x64"],

    "@zeldocarina/distill-linux-arm64": ["@zeldocarina/distill-linux-arm64@workspace:packages/distill-linux-arm64"],

    "@zeldocarina/distill-linux-x64": ["@zeldocarina/distill-linux-x64@workspace:packages/distill-linux-x64"],
  }
}
