{
  "name": "distill-workspace",
  "lockfileVersion": 3,
  "requires": true,
  "packages": {
    "": {
      "name": "distill-workspace",
      "workspaces": [
        "packages/*"
      ]
    },
    "node_modules/@zeldocarina/distill": {
      "resolved": "packages/cli",
      "link": true
    },
    "node_modules/@zeldocarina/distill-darwin-arm64": {
      "resolved": "packages/distill-darwin-arm64",
      "link": true
    },
    "node_modules/@zeldocarina/distill-darwin-x64": {
      "resolved": "packages/distill-darwin-x64",
      "link": true
    },
    "node_modules/@zeldocarina/distill-linux-arm64": {
      "resolved": "packages/distill-linux-arm64",
      "link": true
    },
    "node_modules/@zeldocarina/distill-linux-x64": {
      "resolved": "packages/distill-linux-x64",
      "link": true
    },
    "packages/cli": {
      "name": "@zeldocarina/distill",
      "version": "0.1.31",
      "license": "MIT",
      "bin": {
        "distill": "bin/distill.js"
      },
      "engines": {
        "node": ">=18"
      },
      "optionalDependencies": {
        "@zeldocarina/distill-darwin-arm64": "0.1.31",
        "@zeldocarina/distill-darwin-x64": "0.1.31",
        "@zeldocarina/distill-linux-arm64": "0.1.31",
        "@zeldocarina/distill-linux-x64": "0.1.31"
      }
    },
    "packages/distill-darwin-arm64": {
      "name": "@zeldocarina/distill-darwin-arm64",
      "version": "0.1.31",
      "license": "MIT"
    },
    "packages/distill-darwin-x64": {
      "name": "@zeldocarina/distill-darwin-x64",
      "version": "0.1.31",
      "license": "MIT"
    },
    "packages/distill-linux-arm64": {
      "name": "@zeldocarina/distill-linux-arm64",
      "version": "0.1.31",
      "license": "MIT"
    },
    "packages/distill-linux-x64": {
      "name": "@zeldocarina/distill-linux-x64",
      "version": "0.1.31",
      "license": "MIT"
    }
  }
}
